version = 1
revision = 3
requires-python = ">=3.11"

[[package]]
name = "chess"
version = "1.11.2"
source = { registry = "https://pypi.org/simple" }
sdist = { url = "https://files.pythonhosted.org/packages/93/09/7d04d7581ae3bb8b598017941781bceb7959dd1b13e3ebf7b6a2cd843bc9/chess-1.11.2.tar.gz", hash = "sha256:a8b43e5678fdb3000695bdaa573117ad683761e5ca38e591c4826eba6d25bb39", size = 6131385, upload-time = "2025-02-25T19:10:27.328Z" }

[[package]]
name = "daily-chess"
version = "0.1.0"
source = { editable = "." }
dependencies = [
    { name = "chess" },
    { name = "python-dotenv" },
    { name = "slack-bolt" },
]

[package.metadata]
requires-dist = [
    { name = "chess", specifier = ">=1.11,<2" },
    { name = "python-dotenv", specifier = ">=1,<2" },
    { name = "slack-bolt", specifier = ">=1.21,<2" },
]

[[package]]
name = "python-dotenv"
version = "1.2.3"
source = { registry = "https://pypi.org/simple" }
sdist = { url = "https://files.pythonhosted.org/packages/6a/53/ed9d74092561d4b01a2ef1349d52cdbc135e526c245f366b089cfca6de49/python_dotenv-1.2.3.tar.gz", hash = "sha256:a20a594dabeaa385725aa239d5244871c143ecb356add8a20fcf23773a6c3a35", size = 58945, upload-time = "2026-08-16T16:54:54.067Z" }
wheels = [
    { url = "https://files.pythonhosted.org/packages/0d/17/c5c6b53ddc18f297992099b3d9ec16c855c0ccc83263a21fe4d1c625ec6c/python_dotenv-1.2.3-py3-none-any.whl", hash = "sha256:904552145e8bfed22162c09dab1c2b9b54fefa7b23ba780f4f26ca0316b0f0d9", size = 22780, upload-time = "2026-08-16T16:54:52.473Z" },
]

[[package]]
name = "slack-bolt"
version = "1.30.0"
source = { registry = "https://pypi.org/simple" }
dependencies = [
    { name = "slack-sdk" },
]
sdist = { url = "https://files.pythonhosted.org/packages/e3/4f/5ba15533d66da2e7174334cc0e2805142e5390c9f4c5f31633df78b17006/slack_bolt-1.30.0.tar.gz", hash = "sha256:af38258d41f801ad9c74503090e0f39accd66c49f667f7e55c97fcdb0e51b886", size = 131180, upload-time = "2026-07-15T20:47:33.679Z" }
wheels = [
    { url = "https://files.pythonhosted.org/packages/2f/ee/1a7a286cf98fa3f4eeffaabc090e82f58f058ab4812aa1d7421d92c2637a/slack_bolt-1.30.0-py2.py3-none-any.whl", hash = "sha256:81f5bc46e79516d23d5e2a31dded6304dd1b8b6b72c0083f2f31d5d801e262c4", size = 235341, upload-time = "2026-07-15T20:47:32.113Z" },
]

[[package]]
name = "slack-sdk"
version = "3.44.1"
source = { registry = "https://pypi.org/simple" }
sdist = { url = "https://files.pythonhosted.org/packages/6e/4e/371068dd7281139307e60cd18553b96b9c8c391a4c3040617192713a3cc4/slack_sdk-3.44.1.tar.gz", hash = "sha256:ca19505423789fa2a3189ff486f989f02e49289f008d0a5813df7255b3fb93ea", size = 256661, upload-time = "2026-09-03T14:21:13.879Z" }
wheels = [
    { url = "https://files.pythonhosted.org/packages/ab/fc/67352b742fc6fa520a550581b0284f5757e4e31a32327c2a00276747fd30/slack_sdk-3.44.1-py2.py3-none-any.whl", hash = "sha256:d6f20a0fbe3fecf9cac955c99d686301b48a645b7045472c3a0cdd186d7c42b2", size = 319865, upload-time = "2026-09-03T14:21:12.405Z" },
]
